
Microsoft Visual Studio Solution File, Format Version 12.00
# Visual Studio Version 16
VisualStudioVersion = 16.0.32428.217
MinimumVisualStudioVersion = 10.0.40219.1
Project("{8BC9CEB8-8B4A-11D0-8D11-00A0C91BC942}") = "RPBO Lab1", "RPBO Lab1\RPBO Lab1.vcxproj", "{CAA112B8-5C76-4655-8F74-7174B50632FF}"
EndProject
Project("{8BC9CEB8-8B4A-11D0-8D11-00A0C91BC942}") = "RPBO Lab1.2", "RPBO Lab1.2\RPBO Lab1.2.vcxproj", "{B5D52CCB-CF80-4184-A6A8-0F67FE8137A8}"
EndProject
Global
	GlobalSection(SolutionConfigurationPlatforms) = preSolution
		Debug|x64 = Debug|x64
		Debug|x86 = Debug|x86
		Release|x64 = Release|x64
		Release|x86 = Release|x86
	EndGlobalSection
	GlobalSection(ProjectConfigurationPlatforms) = postSolution
		{CAA112B8-5C76-4655-8F74-7174B50632FF}.Debug|x64.ActiveCfg = Debug|x64
		{CAA112B8-5C76-4655-8F74-7174B50632FF}.Debug|x64.Build.0 = Debug|x64
		{CAA112B8-5C76-4655-8F74-7174B50632FF}.Debug|x86.ActiveCfg = Debug|Win32
		{CAA112B8-5C76-4655-8F74-7174B50632FF}.Debug|x86.Build.0 = Debug|Win32
		{CAA112B8-5C76-4655-8F74-7174B50632FF}.Release|x64.ActiveCfg = Release|x64
		{CAA112B8-5C76-4655-8F74-7174B50632FF}.Release|x64.Build.0 = Release|x64
		{CAA112B8-5C76-4655-8F74-7174B50632FF}.Release|x86.ActiveCfg = Release|Win32
		{CAA112B8-5C76-4655-8F74-7174B50632FF}.Release|x86.Build.0 = Release|Win32
		{B5D52CCB-CF80-4184-A6A8-0F67FE8137A8}.Debug|x64.ActiveCfg = Debug|x64
		{B5D52CCB-CF80-4184-A6A8-0F67FE8137A8}.Debug|x64.Build.0 = Debug|x64
		{B5D52CCB-CF80-4184-A6A8-0F67FE8137A8}.Debug|x86.ActiveCfg = Debug|Win32
		{B5D52CCB-CF80-4184-A6A8-0F67FE8137A8}.Debug|x86.Build.0 = Debug|Win32
		{B5D52CCB-CF80-4184-A6A8-0F67FE8137A8}.Release|x64.ActiveCfg = Release|x64
		{B5D52CCB-CF80-4184-A6A8-0F67FE8137A8}.Release|x64.Build.0 = Release|x64
		{B5D52CCB-CF80-4184-A6A8-0F67FE8137A8}.Release|x86.ActiveCfg = Release|Win32
		{B5D52CCB-CF80-4184-A6A8-0F67FE8137A8}.Release|x86.Build.0 = Release|Win32
	EndGlobalSection
	GlobalSection(SolutionProperties) = preSolution
		HideSolutionNode = FALSE
	EndGlobalSection
	GlobalSection(ExtensibilityGlobals) = postSolution
		SolutionGuid = {CB9A99D0-4895-47B6-8B43-07B05B319305}
	EndGlobalSection
EndGlobal
